
Microsoft Visual Studio Solution File, Format Version 12.00
# Visual Studio Version 17
VisualStudioVersion = 17.11.35327.3
MinimumVisualStudioVersion = 10.0.40219.1
Project("{FAE04EC0-301F-11D3-BF4B-00C04F79EFBC}") = "04. Array", "04. Array\04. Array.csproj", "{F3A68B98-6C7A-47F7-BF49-6EB4239FAB4D}"
EndProject
Global
	GlobalSection(SolutionConfigurationPlatforms) = preSolution
		Debug|Any CPU = Debug|Any CPU
		Release|Any CPU = Release|Any CPU
	EndGlobalSection
	GlobalSection(ProjectConfigurationPlatforms) = postSolution
		{F3A68B98-6C7A-47F7-BF49-6EB4239FAB4D}.Debug|Any CPU.ActiveCfg = Debug|Any CPU
		{F3A68B98-6C7A-47F7-BF49-6EB4239FAB4D}.Debug|Any CPU.Build.0 = Debug|Any CPU
		{F3A68B98-6C7A-47F7-BF49-6EB4239FAB4D}.Release|Any CPU.ActiveCfg = Release|Any CPU
		{F3A68B98-6C7A-47F7-BF49-6EB4239FAB4D}.Release|Any CPU.Build.0 = Release|Any CPU
	EndGlobalSection
	GlobalSection(SolutionProperties) = preSolution
		HideSolutionNode = FALSE
	EndGlobalSection
	GlobalSection(ExtensibilityGlobals) = postSolution
		SolutionGuid = {C0891C69-C420-461B-91E6-5657BF59BD83}
	EndGlobalSection
EndGlobal
