
Microsoft Visual Studio Solution File, Format Version 12.00
# Visual Studio Version 17
VisualStudioVersion = 17.11.35327.3
MinimumVisualStudioVersion = 10.0.40219.1
Project("{FAE04EC0-301F-11D3-BF4B-00C04F79EFBC}") = "01.introduction", "01.introduction\01.introduction.csproj", "{1B80BDA3-573E-4545-940F-377DE22D347F}"
EndProject
Global
	GlobalSection(SolutionConfigurationPlatforms) = preSolution
		Debug|Any CPU = Debug|Any CPU
		Release|Any CPU = Release|Any CPU
	EndGlobalSection
	GlobalSection(ProjectConfigurationPlatforms) = postSolution
		{1B80BDA3-573E-4545-940F-377DE22D347F}.Debug|Any CPU.ActiveCfg = Debug|Any CPU
		{1B80BDA3-573E-4545-940F-377DE22D347F}.Debug|Any CPU.Build.0 = Debug|Any CPU
		{1B80BDA3-573E-4545-940F-377DE22D347F}.Release|Any CPU.ActiveCfg = Release|Any CPU
		{1B80BDA3-573E-4545-940F-377DE22D347F}.Release|Any CPU.Build.0 = Release|Any CPU
	EndGlobalSection
	GlobalSection(SolutionProperties) = preSolution
		HideSolutionNode = FALSE
	EndGlobalSection
	GlobalSection(ExtensibilityGlobals) = postSolution
		SolutionGuid = {FBC56C92-E182-47A4-86A7-9CBBC5D00872}
	EndGlobalSection
EndGlobal
