
Microsoft Visual Studio Solution File, Format Version 12.00
# Visual Studio Version 17
VisualStudioVersion = 17.11.35327.3
MinimumVisualStudioVersion = 10.0.40219.1
Project("{FAE04EC0-301F-11D3-BF4B-00C04F79EFBC}") = "03. Strings", "03. Strings\03. Strings.csproj", "{6B000D79-77C2-45A4-9AC1-1C051765DD47}"
EndProject
Global
	GlobalSection(SolutionConfigurationPlatforms) = preSolution
		Debug|Any CPU = Debug|Any CPU
		Release|Any CPU = Release|Any CPU
	EndGlobalSection
	GlobalSection(ProjectConfigurationPlatforms) = postSolution
		{6B000D79-77C2-45A4-9AC1-1C051765DD47}.Debug|Any CPU.ActiveCfg = Debug|Any CPU
		{6B000D79-77C2-45A4-9AC1-1C051765DD47}.Debug|Any CPU.Build.0 = Debug|Any CPU
		{6B000D79-77C2-45A4-9AC1-1C051765DD47}.Release|Any CPU.ActiveCfg = Release|Any CPU
		{6B000D79-77C2-45A4-9AC1-1C051765DD47}.Release|Any CPU.Build.0 = Release|Any CPU
	EndGlobalSection
	GlobalSection(SolutionProperties) = preSolution
		HideSolutionNode = FALSE
	EndGlobalSection
	GlobalSection(ExtensibilityGlobals) = postSolution
		SolutionGuid = {FECFC7F4-2CAE-4A1D-A1F0-ED9BEF3597D8}
	EndGlobalSection
EndGlobal
