
Microsoft Visual Studio Solution File, Format Version 12.00
# Visual Studio Version 17
VisualStudioVersion = 17.11.35431.28
MinimumVisualStudioVersion = 10.0.40219.1
Project("{FAE04EC0-301F-11D3-BF4B-00C04F79EFBC}") = "12. Inheritance (Single Level, MultiLevel, Herarichal)", "12. Inheritance (Single Level, MultiLevel, Herarichal)\12. Inheritance (Single Level, MultiLevel, Herarichal).csproj", "{7B3544F8-0D99-4C5C-BD5F-A38FC7C858A4}"
EndProject
Global
	GlobalSection(SolutionConfigurationPlatforms) = preSolution
		Debug|Any CPU = Debug|Any CPU
		Release|Any CPU = Release|Any CPU
	EndGlobalSection
	GlobalSection(ProjectConfigurationPlatforms) = postSolution
		{7B3544F8-0D99-4C5C-BD5F-A38FC7C858A4}.Debug|Any CPU.ActiveCfg = Debug|Any CPU
		{7B3544F8-0D99-4C5C-BD5F-A38FC7C858A4}.Debug|Any CPU.Build.0 = Debug|Any CPU
		{7B3544F8-0D99-4C5C-BD5F-A38FC7C858A4}.Release|Any CPU.ActiveCfg = Release|Any CPU
		{7B3544F8-0D99-4C5C-BD5F-A38FC7C858A4}.Release|Any CPU.Build.0 = Release|Any CPU
	EndGlobalSection
	GlobalSection(SolutionProperties) = preSolution
		HideSolutionNode = FALSE
	EndGlobalSection
	GlobalSection(ExtensibilityGlobals) = postSolution
		SolutionGuid = {0989F33D-A069-4A62-80C2-25BE8A26038C}
	EndGlobalSection
EndGlobal
