
Microsoft Visual Studio Solution File, Format Version 12.00
# Visual Studio Version 17
VisualStudioVersion = 17.11.35327.3
MinimumVisualStudioVersion = 10.0.40219.1
Project("{FAE04EC0-301F-11D3-BF4B-00C04F79EFBC}") = "06. HashTable & Dictinory", "06. HashTable & Dictinory\06. HashTable & Dictinory.csproj", "{B63D5609-D97B-4156-9322-0DC7BA4B6CF6}"
EndProject
Global
	GlobalSection(SolutionConfigurationPlatforms) = preSolution
		Debug|Any CPU = Debug|Any CPU
		Release|Any CPU = Release|Any CPU
	EndGlobalSection
	GlobalSection(ProjectConfigurationPlatforms) = postSolution
		{B63D5609-D97B-4156-9322-0DC7BA4B6CF6}.Debug|Any CPU.ActiveCfg = Debug|Any CPU
		{B63D5609-D97B-4156-9322-0DC7BA4B6CF6}.Debug|Any CPU.Build.0 = Debug|Any CPU
		{B63D5609-D97B-4156-9322-0DC7BA4B6CF6}.Release|Any CPU.ActiveCfg = Release|Any CPU
		{B63D5609-D97B-4156-9322-0DC7BA4B6CF6}.Release|Any CPU.Build.0 = Release|Any CPU
	EndGlobalSection
	GlobalSection(SolutionProperties) = preSolution
		HideSolutionNode = FALSE
	EndGlobalSection
	GlobalSection(ExtensibilityGlobals) = postSolution
		SolutionGuid = {1468D96F-2335-4CA8-82CE-35814C66F1A9}
	EndGlobalSection
EndGlobal
